
Microsoft Visual Studio Solution File, Format Version 12.00
# Visual Studio Version 17
VisualStudioVersion = 17.5.002.0
MinimumVisualStudioVersion = 10.0.40219.1
Project("{2150E333-8FDC-42A3-9474-1A3956D46DE8}") = "SSMS", "SSMS", "{21CF359E-382B-42E9-93E5-9334D68390CD}"
EndProject
Project("{9A19103F-16F7-4668-BE54-9A1E7A4F7556}") = "SSMSBackend", "SSMS\backend\SSMSBackend.csproj", "{E8DA3AE7-1D72-484A-BB26-708D59E8769E}"
EndProject
Global
	GlobalSection(SolutionConfigurationPlatforms) = preSolution
		Debug|Any CPU = Debug|Any CPU
		Release|Any CPU = Release|Any CPU
	EndGlobalSection
	GlobalSection(ProjectConfigurationPlatforms) = postSolution
		{E8DA3AE7-1D72-484A-BB26-708D59E8769E}.Debug|Any CPU.ActiveCfg = Debug|Any CPU
		{E8DA3AE7-1D72-484A-BB26-708D59E8769E}.Debug|Any CPU.Build.0 = Debug|Any CPU
		{E8DA3AE7-1D72-484A-BB26-708D59E8769E}.Release|Any CPU.ActiveCfg = Release|Any CPU
		{E8DA3AE7-1D72-484A-BB26-708D59E8769E}.Release|Any CPU.Build.0 = Release|Any CPU
	EndGlobalSection
	GlobalSection(SolutionProperties) = preSolution
		HideSolutionNode = FALSE
	EndGlobalSection
	GlobalSection(NestedProjects) = preSolution
		{E8DA3AE7-1D72-484A-BB26-708D59E8769E} = {21CF359E-382B-42E9-93E5-9334D68390CD}
	EndGlobalSection
	GlobalSection(ExtensibilityGlobals) = postSolution
		SolutionGuid = {1C721F48-B83B-4DF3-8826-E8AB5EFB1480}
	EndGlobalSection
EndGlobal
